<?xml version="1.0" encoding="utf-8"?>
<Project ToolsVersion="4.0" xmlns="http://schemas.microsoft.com/developer/msbuild/2003">
  <ItemGroup>
    <ClCompile Include="Common\Camera.cpp" />
    <ClCompile Include="Common\d3dApp.cpp" />
    <ClCompile Include="Common\d3dUtil.cpp" />
    <ClCompile Include="Common\DDSTextureLoader.cpp" />
    <ClCompile Include="Common\GameTimer.cpp" />
    <ClCompile Include="Common\GeometryGenerator.cpp" />
    <ClCompile Include="Common\MathHelper.cpp" />
    <ClCompile Include="main.cpp" />
    <ClCompile Include="Model.cpp" />
  </ItemGroup>
  <ItemGroup>
    <ClInclude Include="Common\Camera.h" />
    <ClInclude Include="Common\d3dApp.h" />
    <ClInclude Include="Common\d3dUtil.h" />
    <ClInclude Include="Common\d3dx12.h" />
    <ClInclude Include="Common\DDSTextureLoader.h" />
    <ClInclude Include="Common\GameTimer.h" />
    <ClInclude Include="Common\GeometryGenerator.h" />
    <ClInclude Include="Common\MathHelper.h" />
    <ClInclude Include="Common\UploadBuffer.h" />
    <ClInclude Include="Model.h" />
    <ClInclude Include="tiny_obj_loader.h" />
  </ItemGroup>
  <ItemGroup>
    <None Include="Shaders\sponza.hlsl" />
    <None Include="sponza.hlsl" />
    <None Include="x64\Debug\sponza.hlsl" />
  </ItemGroup>
</Project>